// !$*UTF8*$!
{
	archiveVersion = 1;
	classes = {
	};
	objectVersion = 51;
	objects = {

/* Begin PBXBuildFile section */
		004A92CA7C3539C1CD23C6F5 /* Pods_sample_integration_ios_sample_integration_iosUITests.framework in Frameworks */ = {isa = PBXBuildFile; fileRef = 3760FD57B536781964A98A8F /* Pods_sample_integration_ios_sample_integration_iosUITests.framework */; };
		78B3E8DC3344E44DA22B9BA3 /* Pods_sample_integration_iosTests.framework in Frameworks */ = {isa = PBXBuildFile; fileRef = 71DA10431DB37583FEBE3FD7 /* Pods_sample_integration_iosTests.framework */; };
		8417188D252B5E90002F57FF /* IconCollectionViewCell.swift in Sources */ = {isa = PBXBuildFile; fileRef = 8417188C252B5E90002F57FF /* IconCollectionViewCell.swift */; };
		84DE2C02252CEF250047FC33 /* RNv1.swift in Sources */ = {isa = PBXBuildFile; fileRef = 84DE2C01252CEF250047FC33 /* RNv1.swift */; };
		84E0F57C2524F94C0020D642 /* AppDelegate.swift in Sources */ = {isa = PBXBuildFile; fileRef = 84E0F57B2524F94C0020D642 /* AppDelegate.swift */; };
		84E0F57E2524F94C0020D642 /* SceneDelegate.swift in Sources */ = {isa = PBXBuildFile; fileRef = 84E0F57D2524F94C0020D642 /* SceneDelegate.swift */; };
		84E0F5802524F94C0020D642 /* IconsPlataformChoiceViewController.swift in Sources */ = {isa = PBXBuildFile; fileRef = 84E0F57F2524F94C0020D642 /* IconsPlataformChoiceViewController.swift */; };
		84E0F5852524F9500020D642 /* Assets.xcassets in Resources */ = {isa = PBXBuildFile; fileRef = 84E0F5842524F9500020D642 /* Assets.xcassets */; };
		84E0F5882524F9500020D642 /* LaunchScreen.storyboard in Resources */ = {isa = PBXBuildFile; fileRef = 84E0F5862524F9500020D642 /* LaunchScreen.storyboard */; };
		84E0F5932524F9500020D642 /* sample_integration_iosTests.swift in Sources */ = {isa = PBXBuildFile; fileRef = 84E0F5922524F9500020D642 /* sample_integration_iosTests.swift */; };
		84E0F59E2524F9500020D642 /* sample_integration_iosUITests.swift in Sources */ = {isa = PBXBuildFile; fileRef = 84E0F59D2524F9500020D642 /* sample_integration_iosUITests.swift */; };
		84E0F5E325276B3D0020D642 /* NativeIconographyViewController.swift in Sources */ = {isa = PBXBuildFile; fileRef = 84E0F5E225276B3D0020D642 /* NativeIconographyViewController.swift */; };
		C5A3E3B7649E6B62DABB15F0 /* Pods_sample_integration_ios.framework in Frameworks */ = {isa = PBXBuildFile; fileRef = 4CCFAB7637DA7BE7A1ACA9F7 /* Pods_sample_integration_ios.framework */; };
/* End PBXBuildFile section */

/* Begin PBXContainerItemProxy section */
		84E0F58F2524F9500020D642 /* PBXContainerItemProxy */ = {
			isa = PBXContainerItemProxy;
			containerPortal = 84E0F5702524F94C0020D642 /* Project object */;
			proxyType = 1;
			remoteGlobalIDString = 84E0F5772524F94C0020D642;
			remoteInfo = "sample-integration-ios";
		};
		84E0F59A2524F9500020D642 /* PBXContainerItemProxy */ = {
			isa = PBXContainerItemProxy;
			containerPortal = 84E0F5702524F94C0020D642 /* Project object */;
			proxyType = 1;
			remoteGlobalIDString = 84E0F5772524F94C0020D642;
			remoteInfo = "sample-integration-ios";
		};
/* End PBXContainerItemProxy section */

/* Begin PBXFileReference section */
		29C50FE6AC1BAE5386C9E692 /* Pods-sample-integration-ios-sample-integration-iosUITests.debug.xcconfig */ = {isa = PBXFileReference; includeInIndex = 1; lastKnownFileType = text.xcconfig; name = "Pods-sample-integration-ios-sample-integration-iosUITests.debug.xcconfig"; path = "Target Support Files/Pods-sample-integration-ios-sample-integration-iosUITests/Pods-sample-integration-ios-sample-integration-iosUITests.debug.xcconfig"; sourceTree = "<group>"; };
		3760FD57B536781964A98A8F /* Pods_sample_integration_ios_sample_integration_iosUITests.framework */ = {isa = PBXFileReference; explicitFileType = wrapper.framework; includeInIndex = 0; path = Pods_sample_integration_ios_sample_integration_iosUITests.framework; sourceTree = BUILT_PRODUCTS_DIR; };
		4CCFAB7637DA7BE7A1ACA9F7 /* Pods_sample_integration_ios.framework */ = {isa = PBXFileReference; explicitFileType = wrapper.framework; includeInIndex = 0; path = Pods_sample_integration_ios.framework; sourceTree = BUILT_PRODUCTS_DIR; };
		71DA10431DB37583FEBE3FD7 /* Pods_sample_integration_iosTests.framework */ = {isa = PBXFileReference; explicitFileType = wrapper.framework; includeInIndex = 0; path = Pods_sample_integration_iosTests.framework; sourceTree = BUILT_PRODUCTS_DIR; };
		8417188C252B5E90002F57FF /* IconCollectionViewCell.swift */ = {isa = PBXFileReference; lastKnownFileType = sourcecode.swift; path = IconCollectionViewCell.swift; sourceTree = "<group>"; };
		84DE2C01252CEF250047FC33 /* RNv1.swift */ = {isa = PBXFileReference; lastKnownFileType = sourcecode.swift; path = RNv1.swift; sourceTree = "<group>"; };
		84E0F5782524F94C0020D642 /* sample-integration-ios.app */ = {isa = PBXFileReference; explicitFileType = wrapper.application; includeInIndex = 0; path = "sample-integration-ios.app"; sourceTree = BUILT_PRODUCTS_DIR; };
		84E0F57B2524F94C0020D642 /* AppDelegate.swift */ = {isa = PBXFileReference; lastKnownFileType = sourcecode.swift; path = AppDelegate.swift; sourceTree = "<group>"; };
		84E0F57D2524F94C0020D642 /* SceneDelegate.swift */ = {isa = PBXFileReference; lastKnownFileType = sourcecode.swift; path = SceneDelegate.swift; sourceTree = "<group>"; };
		84E0F57F2524F94C0020D642 /* IconsPlataformChoiceViewController.swift */ = {isa = PBXFileReference; lastKnownFileType = sourcecode.swift; path = IconsPlataformChoiceViewController.swift; sourceTree = "<group>"; };
		84E0F5842524F9500020D642 /* Assets.xcassets */ = {isa = PBXFileReference; lastKnownFileType = folder.assetcatalog; path = Assets.xcassets; sourceTree = "<group>"; };
		84E0F5872524F9500020D642 /* Base */ = {isa = PBXFileReference; lastKnownFileType = file.storyboard; name = Base; path = Base.lproj/LaunchScreen.storyboard; sourceTree = "<group>"; };
		84E0F5892524F9500020D642 /* Info.plist */ = {isa = PBXFileReference; lastKnownFileType = text.plist.xml; path = Info.plist; sourceTree = "<group>"; };
		84E0F58E2524F9500020D642 /* sample-integration-iosTests.xctest */ = {isa = PBXFileReference; explicitFileType = wrapper.cfbundle; includeInIndex = 0; path = "sample-integration-iosTests.xctest"; sourceTree = BUILT_PRODUCTS_DIR; };
		84E0F5922524F9500020D642 /* sample_integration_iosTests.swift */ = {isa = PBXFileReference; lastKnownFileType = sourcecode.swift; path = sample_integration_iosTests.swift; sourceTree = "<group>"; };
		84E0F5942524F9500020D642 /* Info.plist */ = {isa = PBXFileReference; lastKnownFileType = text.plist.xml; path = Info.plist; sourceTree = "<group>"; };
		84E0F5992524F9500020D642 /* sample-integration-iosUITests.xctest */ = {isa = PBXFileReference; explicitFileType = wrapper.cfbundle; includeInIndex = 0; path = "sample-integration-iosUITests.xctest"; sourceTree = BUILT_PRODUCTS_DIR; };
		84E0F59D2524F9500020D642 /* sample_integration_iosUITests.swift */ = {isa = PBXFileReference; lastKnownFileType = sourcecode.swift; path = sample_integration_iosUITests.swift; sourceTree = "<group>"; };
		84E0F59F2524F9500020D642 /* Info.plist */ = {isa = PBXFileReference; lastKnownFileType = text.plist.xml; path = Info.plist; sourceTree = "<group>"; };
		84E0F5E225276B3D0020D642 /* NativeIconographyViewController.swift */ = {isa = PBXFileReference; lastKnownFileType = sourcecode.swift; path = NativeIconographyViewController.swift; sourceTree = "<group>"; };
		9DA4FF4128808E20D8DBF76F /* Pods-sample-integration-iosTests.release.xcconfig */ = {isa = PBXFileReference; includeInIndex = 1; lastKnownFileType = text.xcconfig; name = "Pods-sample-integration-iosTests.release.xcconfig"; path = "Target Support Files/Pods-sample-integration-iosTests/Pods-sample-integration-iosTests.release.xcconfig"; sourceTree = "<group>"; };
		AB75196B2A706F5F04F9EB8E /* Pods-sample-integration-iosTests.debug.xcconfig */ = {isa = PBXFileReference; includeInIndex = 1; lastKnownFileType = text.xcconfig; name = "Pods-sample-integration-iosTests.debug.xcconfig"; path = "Target Support Files/Pods-sample-integration-iosTests/Pods-sample-integration-iosTests.debug.xcconfig"; sourceTree = "<group>"; };
		C37D346BA55576D751256BC2 /* Pods-sample-integration-ios-sample-integration-iosUITests.release.xcconfig */ = {isa = PBXFileReference; includeInIndex = 1; lastKnownFileType = text.xcconfig; name = "Pods-sample-integration-ios-sample-integration-iosUITests.release.xcconfig"; path = "Target Support Files/Pods-sample-integration-ios-sample-integration-iosUITests/Pods-sample-integration-ios-sample-integration-iosUITests.release.xcconfig"; sourceTree = "<group>"; };
		C605B275EF24E4E781CDB099 /* Pods-sample-integration-ios.release.xcconfig */ = {isa = PBXFileReference; includeInIndex = 1; lastKnownFileType = text.xcconfig; name = "Pods-sample-integration-ios.release.xcconfig"; path = "Target Support Files/Pods-sample-integration-ios/Pods-sample-integration-ios.release.xcconfig"; sourceTree = "<group>"; };
		EF4160F997EE876A7F7B189D /* Pods-sample-integration-ios.debug.xcconfig */ = {isa = PBXFileReference; includeInIndex = 1; lastKnownFileType = text.xcconfig; name = "Pods-sample-integration-ios.debug.xcconfig"; path = "Target Support Files/Pods-sample-integration-ios/Pods-sample-integration-ios.debug.xcconfig"; sourceTree = "<group>"; };
/* End PBXFileReference section */

/* Begin PBXFrameworksBuildPhase section */
		84E0F5752524F94C0020D642 /* Frameworks */ = {
			isa = PBXFrameworksBuildPhase;
			buildActionMask = 2147483647;
			files = (
				C5A3E3B7649E6B62DABB15F0 /* Pods_sample_integration_ios.framework in Frameworks */,
			);
			runOnlyForDeploymentPostprocessing = 0;
		};
		84E0F58B2524F9500020D642 /* Frameworks */ = {
			isa = PBXFrameworksBuildPhase;
			buildActionMask = 2147483647;
			files = (
				78B3E8DC3344E44DA22B9BA3 /* Pods_sample_integration_iosTests.framework in Frameworks */,
			);
			runOnlyForDeploymentPostprocessing = 0;
		};
		84E0F5962524F9500020D642 /* Frameworks */ = {
			isa = PBXFrameworksBuildPhase;
			buildActionMask = 2147483647;
			files = (
				004A92CA7C3539C1CD23C6F5 /* Pods_sample_integration_ios_sample_integration_iosUITests.framework in Frameworks */,
			);
			runOnlyForDeploymentPostprocessing = 0;
		};
/* End PBXFrameworksBuildPhase section */

/* Begin PBXGroup section */
		796D06938EBBDCC6006ECC77 /* Frameworks */ = {
			isa = PBXGroup;
			children = (
				4CCFAB7637DA7BE7A1ACA9F7 /* Pods_sample_integration_ios.framework */,
				3760FD57B536781964A98A8F /* Pods_sample_integration_ios_sample_integration_iosUITests.framework */,
				71DA10431DB37583FEBE3FD7 /* Pods_sample_integration_iosTests.framework */,
			);
			name = Frameworks;
			sourceTree = "<group>";
		};
		8403E668FC6DDF20B0645720 /* Pods */ = {
			isa = PBXGroup;
			children = (
				EF4160F997EE876A7F7B189D /* Pods-sample-integration-ios.debug.xcconfig */,
				C605B275EF24E4E781CDB099 /* Pods-sample-integration-ios.release.xcconfig */,
				29C50FE6AC1BAE5386C9E692 /* Pods-sample-integration-ios-sample-integration-iosUITests.debug.xcconfig */,
				C37D346BA55576D751256BC2 /* Pods-sample-integration-ios-sample-integration-iosUITests.release.xcconfig */,
				AB75196B2A706F5F04F9EB8E /* Pods-sample-integration-iosTests.debug.xcconfig */,
				9DA4FF4128808E20D8DBF76F /* Pods-sample-integration-iosTests.release.xcconfig */,
			);
			path = Pods;
			sourceTree = "<group>";
		};
		84171880252B5D92002F57FF /* Modules */ = {
			isa = PBXGroup;
			children = (
				84171884252B5DD1002F57FF /* Iconography */,
			);
			path = Modules;
			sourceTree = "<group>";
		};
		84171884252B5DD1002F57FF /* Iconography */ = {
			isa = PBXGroup;
			children = (
				84DE2C00252CEF0E0047FC33 /* New Group */,
				8417188B252B5E66002F57FF /* NativeIconography */,
				84E0F57F2524F94C0020D642 /* IconsPlataformChoiceViewController.swift */,
			);
			path = Iconography;
			sourceTree = "<group>";
		};
		8417188B252B5E66002F57FF /* NativeIconography */ = {
			isa = PBXGroup;
			children = (
				84E0F5E225276B3D0020D642 /* NativeIconographyViewController.swift */,
				8417188C252B5E90002F57FF /* IconCollectionViewCell.swift */,
			);
			path = NativeIconography;
			sourceTree = "<group>";
		};
		84DE2C00252CEF0E0047FC33 /* New Group */ = {
			isa = PBXGroup;
			children = (
				84DE2C01252CEF250047FC33 /* RNv1.swift */,
			);
			path = "New Group";
			sourceTree = "<group>";
		};
		84E0F56F2524F94C0020D642 = {
			isa = PBXGroup;
			children = (
				84E0F57A2524F94C0020D642 /* sample-integration-ios */,
				84E0F5912524F9500020D642 /* sample-integration-iosTests */,
				84E0F59C2524F9500020D642 /* sample-integration-iosUITests */,
				84E0F5792524F94C0020D642 /* Products */,
				8403E668FC6DDF20B0645720 /* Pods */,
				796D06938EBBDCC6006ECC77 /* Frameworks */,
			);
			sourceTree = "<group>";
		};
		84E0F5792524F94C0020D642 /* Products */ = {
			isa = PBXGroup;
			children = (
				84E0F5782524F94C0020D642 /* sample-integration-ios.app */,
				84E0F58E2524F9500020D642 /* sample-integration-iosTests.xctest */,
				84E0F5992524F9500020D642 /* sample-integration-iosUITests.xctest */,
			);
			name = Products;
			sourceTree = "<group>";
		};
		84E0F57A2524F94C0020D642 /* sample-integration-ios */ = {
			isa = PBXGroup;
			children = (
				84171880252B5D92002F57FF /* Modules */,
				84E0F57B2524F94C0020D642 /* AppDelegate.swift */,
				84E0F57D2524F94C0020D642 /* SceneDelegate.swift */,
				84E0F5842524F9500020D642 /* Assets.xcassets */,
				84E0F5862524F9500020D642 /* LaunchScreen.storyboard */,
				84E0F5892524F9500020D642 /* Info.plist */,
			);
			path = "sample-integration-ios";
			sourceTree = "<group>";
		};
		84E0F5912524F9500020D642 /* sample-integration-iosTests */ = {
			isa = PBXGroup;
			children = (
				84E0F5922524F9500020D642 /* sample_integration_iosTests.swift */,
				84E0F5942524F9500020D642 /* Info.plist */,
			);
			path = "sample-integration-iosTests";
			sourceTree = "<group>";
		};
		84E0F59C2524F9500020D642 /* sample-integration-iosUITests */ = {
			isa = PBXGroup;
			children = (
				84E0F59D2524F9500020D642 /* sample_integration_iosUITests.swift */,
				84E0F59F2524F9500020D642 /* Info.plist */,
			);
			path = "sample-integration-iosUITests";
			sourceTree = "<group>";
		};
/* End PBXGroup section */

/* Begin PBXNativeTarget section */
		84E0F5772524F94C0020D642 /* sample-integration-ios */ = {
			isa = PBXNativeTarget;
			buildConfigurationList = 84E0F5A22524F9500020D642 /* Build configuration list for PBXNativeTarget "sample-integration-ios" */;
			buildPhases = (
				53A66720C7D84034DB4F593A /* [CP] Check Pods Manifest.lock */,
				84E0F5742524F94C0020D642 /* Sources */,
				84E0F5752524F94C0020D642 /* Frameworks */,
				84E0F5762524F94C0020D642 /* Resources */,
				80F85B37BF8D88062B0DF224 /* [CP] Embed Pods Frameworks */,
			);
			buildRules = (
			);
			dependencies = (
			);
			name = "sample-integration-ios";
			productName = "sample-integration-ios";
			productReference = 84E0F5782524F94C0020D642 /* sample-integration-ios.app */;
			productType = "com.apple.product-type.application";
		};
		84E0F58D2524F9500020D642 /* sample-integration-iosTests */ = {
			isa = PBXNativeTarget;
			buildConfigurationList = 84E0F5A52524F9500020D642 /* Build configuration list for PBXNativeTarget "sample-integration-iosTests" */;
			buildPhases = (
				853BB54A08D89D2BB91A1CEE /* [CP] Check Pods Manifest.lock */,
				84E0F58A2524F9500020D642 /* Sources */,
				84E0F58B2524F9500020D642 /* Frameworks */,
				84E0F58C2524F9500020D642 /* Resources */,
				99461CA9D53F68B76FF1F5E9 /* [CP] Embed Pods Frameworks */,
			);
			buildRules = (
			);
			dependencies = (
				84E0F5902524F9500020D642 /* PBXTargetDependency */,
			);
			name = "sample-integration-iosTests";
			productName = "sample-integration-iosTests";
			productReference = 84E0F58E2524F9500020D642 /* sample-integration-iosTests.xctest */;
			productType = "com.apple.product-type.bundle.unit-test";
		};
		84E0F5982524F9500020D642 /* sample-integration-iosUITests */ = {
			isa = PBXNativeTarget;
			buildConfigurationList = 84E0F5A82524F9500020D642 /* Build configuration list for PBXNativeTarget "sample-integration-iosUITests" */;
			buildPhases = (
				57224C3E565099DC32ECDC7C /* [CP] Check Pods Manifest.lock */,
				84E0F5952524F9500020D642 /* Sources */,
				84E0F5962524F9500020D642 /* Frameworks */,
				84E0F5972524F9500020D642 /* Resources */,
				837CD7A9EFF4B95DC689B82F /* [CP] Embed Pods Frameworks */,
			);
			buildRules = (
			);
			dependencies = (
				84E0F59B2524F9500020D642 /* PBXTargetDependency */,
			);
			name = "sample-integration-iosUITests";
			productName = "sample-integration-iosUITests";
			productReference = 84E0F5992524F9500020D642 /* sample-integration-iosUITests.xctest */;
			productType = "com.apple.product-type.bundle.ui-testing";
		};
/* End PBXNativeTarget section */

/* Begin PBXProject section */
		84E0F5702524F94C0020D642 /* Project object */ = {
			isa = PBXProject;
			attributes = {
				LastSwiftUpdateCheck = 1200;
				LastUpgradeCheck = 1200;
				TargetAttributes = {
					84E0F5772524F94C0020D642 = {
						CreatedOnToolsVersion = 12.0.1;
					};
					84E0F58D2524F9500020D642 = {
						CreatedOnToolsVersion = 12.0.1;
						TestTargetID = 84E0F5772524F94C0020D642;
					};
					84E0F5982524F9500020D642 = {
						CreatedOnToolsVersion = 12.0.1;
						TestTargetID = 84E0F5772524F94C0020D642;
					};
				};
			};
			buildConfigurationList = 84E0F5732524F94C0020D642 /* Build configuration list for PBXProject "sample-integration-ios" */;
			compatibilityVersion = "Xcode 9.3";
			developmentRegion = en;
			hasScannedForEncodings = 0;
			knownRegions = (
				en,
				Base,
			);
			mainGroup = 84E0F56F2524F94C0020D642;
			productRefGroup = 84E0F5792524F94C0020D642 /* Products */;
			projectDirPath = "";
			projectRoot = "";
			targets = (
				84E0F5772524F94C0020D642 /* sample-integration-ios */,
				84E0F58D2524F9500020D642 /* sample-integration-iosTests */,
				84E0F5982524F9500020D642 /* sample-integration-iosUITests */,
			);
		};
/* End PBXProject section */

/* Begin PBXResourcesBuildPhase section */
		84E0F5762524F94C0020D642 /* Resources */ = {
			isa = PBXResourcesBuildPhase;
			buildActionMask = 2147483647;
			files = (
				84E0F5882524F9500020D642 /* LaunchScreen.storyboard in Resources */,
				84E0F5852524F9500020D642 /* Assets.xcassets in Resources */,
			);
			runOnlyForDeploymentPostprocessing = 0;
		};
		84E0F58C2524F9500020D642 /* Resources */ = {
			isa = PBXResourcesBuildPhase;
			buildActionMask = 2147483647;
			files = (
			);
			runOnlyForDeploymentPostprocessing = 0;
		};
		84E0F5972524F9500020D642 /* Resources */ = {
			isa = PBXResourcesBuildPhase;
			buildActionMask = 2147483647;
			files = (
			);
			runOnlyForDeploymentPostprocessing = 0;
		};
/* End PBXResourcesBuildPhase section */

/* Begin PBXShellScriptBuildPhase section */
		53A66720C7D84034DB4F593A /* [CP] Check Pods Manifest.lock */ = {
			isa = PBXShellScriptBuildPhase;
			buildActionMask = 2147483647;
			files = (
			);
			inputFileListPaths = (
			);
			inputPaths = (
				"${PODS_PODFILE_DIR_PATH}/Podfile.lock",
				"${PODS_ROOT}/Manifest.lock",
			);
			name = "[CP] Check Pods Manifest.lock";
			outputFileListPaths = (
			);
			outputPaths = (
				"$(DERIVED_FILE_DIR)/Pods-sample-integration-ios-checkManifestLockResult.txt",
			);
			runOnlyForDeploymentPostprocessing = 0;
			shellPath = /bin/sh;
			shellScript = "diff \"${PODS_PODFILE_DIR_PATH}/Podfile.lock\" \"${PODS_ROOT}/Manifest.lock\" > /dev/null\nif [ $? != 0 ] ; then\n    # print error to STDERR\n    echo \"error: The sandbox is not in sync with the Podfile.lock. Run 'pod install' or update your CocoaPods installation.\" >&2\n    exit 1\nfi\n# This output is used by Xcode 'outputs' to avoid re-running this script phase.\necho \"SUCCESS\" > \"${SCRIPT_OUTPUT_FILE_0}\"\n";
			showEnvVarsInLog = 0;
		};
		57224C3E565099DC32ECDC7C /* [CP] Check Pods Manifest.lock */ = {
			isa = PBXShellScriptBuildPhase;
			buildActionMask = 2147483647;
			files = (
			);
			inputFileListPaths = (
			);
			inputPaths = (
				"${PODS_PODFILE_DIR_PATH}/Podfile.lock",
				"${PODS_ROOT}/Manifest.lock",
			);
			name = "[CP] Check Pods Manifest.lock";
			outputFileListPaths = (
			);
			outputPaths = (
				"$(DERIVED_FILE_DIR)/Pods-sample-integration-ios-sample-integration-iosUITests-checkManifestLockResult.txt",
			);
			runOnlyForDeploymentPostprocessing = 0;
			shellPath = /bin/sh;
			shellScript = "diff \"${PODS_PODFILE_DIR_PATH}/Podfile.lock\" \"${PODS_ROOT}/Manifest.lock\" > /dev/null\nif [ $? != 0 ] ; then\n    # print error to STDERR\n    echo \"error: The sandbox is not in sync with the Podfile.lock. Run 'pod install' or update your CocoaPods installation.\" >&2\n    exit 1\nfi\n# This output is used by Xcode 'outputs' to avoid re-running this script phase.\necho \"SUCCESS\" > \"${SCRIPT_OUTPUT_FILE_0}\"\n";
			showEnvVarsInLog = 0;
		};
		80F85B37BF8D88062B0DF224 /* [CP] Embed Pods Frameworks */ = {
			isa = PBXShellScriptBuildPhase;
			buildActionMask = 2147483647;
			files = (
			);
			inputFileListPaths = (
				"${PODS_ROOT}/Target Support Files/Pods-sample-integration-ios/Pods-sample-integration-ios-frameworks-${CONFIGURATION}-input-files.xcfilelist",
			);
			name = "[CP] Embed Pods Frameworks";
			outputFileListPaths = (
				"${PODS_ROOT}/Target Support Files/Pods-sample-integration-ios/Pods-sample-integration-ios-frameworks-${CONFIGURATION}-output-files.xcfilelist",
			);
			runOnlyForDeploymentPostprocessing = 0;
			shellPath = /bin/sh;
			shellScript = "\"${PODS_ROOT}/Target Support Files/Pods-sample-integration-ios/Pods-sample-integration-ios-frameworks.sh\"\n";
			showEnvVarsInLog = 0;
		};
		837CD7A9EFF4B95DC689B82F /* [CP] Embed Pods Frameworks */ = {
			isa = PBXShellScriptBuildPhase;
			buildActionMask = 2147483647;
			files = (
			);
			inputFileListPaths = (
				"${PODS_ROOT}/Target Support Files/Pods-sample-integration-ios-sample-integration-iosUITests/Pods-sample-integration-ios-sample-integration-iosUITests-frameworks-${CONFIGURATION}-input-files.xcfilelist",
			);
			name = "[CP] Embed Pods Frameworks";
			outputFileListPaths = (
				"${PODS_ROOT}/Target Support Files/Pods-sample-integration-ios-sample-integration-iosUITests/Pods-sample-integration-ios-sample-integration-iosUITests-frameworks-${CONFIGURATION}-output-files.xcfilelist",
			);
			runOnlyForDeploymentPostprocessing = 0;
			shellPath = /bin/sh;
			shellScript = "\"${PODS_ROOT}/Target Support Files/Pods-sample-integration-ios-sample-integration-iosUITests/Pods-sample-integration-ios-sample-integration-iosUITests-frameworks.sh\"\n";
			showEnvVarsInLog = 0;
		};
		853BB54A08D89D2BB91A1CEE /* [CP] Check Pods Manifest.lock */ = {
			isa = PBXShellScriptBuildPhase;
			buildActionMask = 2147483647;
			files = (
			);
			inputFileListPaths = (
			);
			inputPaths = (
				"${PODS_PODFILE_DIR_PATH}/Podfile.lock",
				"${PODS_ROOT}/Manifest.lock",
			);
			name = "[CP] Check Pods Manifest.lock";
			outputFileListPaths = (
			);
			outputPaths = (
				"$(DERIVED_FILE_DIR)/Pods-sample-integration-iosTests-checkManifestLockResult.txt",
			);
			runOnlyForDeploymentPostprocessing = 0;
			shellPath = /bin/sh;
			shellScript = "diff \"${PODS_PODFILE_DIR_PATH}/Podfile.lock\" \"${PODS_ROOT}/Manifest.lock\" > /dev/null\nif [ $? != 0 ] ; then\n    # print error to STDERR\n    echo \"error: The sandbox is not in sync with the Podfile.lock. Run 'pod install' or update your CocoaPods installation.\" >&2\n    exit 1\nfi\n# This output is used by Xcode 'outputs' to avoid re-running this script phase.\necho \"SUCCESS\" > \"${SCRIPT_OUTPUT_FILE_0}\"\n";
			showEnvVarsInLog = 0;
		};
		99461CA9D53F68B76FF1F5E9 /* [CP] Embed Pods Frameworks */ = {
			isa = PBXShellScriptBuildPhase;
			buildActionMask = 2147483647;
			files = (
			);
			inputFileListPaths = (
				"${PODS_ROOT}/Target Support Files/Pods-sample-integration-iosTests/Pods-sample-integration-iosTests-frameworks-${CONFIGURATION}-input-files.xcfilelist",
			);
			name = "[CP] Embed Pods Frameworks";
			outputFileListPaths = (
				"${PODS_ROOT}/Target Support Files/Pods-sample-integration-iosTests/Pods-sample-integration-iosTests-frameworks-${CONFIGURATION}-output-files.xcfilelist",
			);
			runOnlyForDeploymentPostprocessing = 0;
			shellPath = /bin/sh;
			shellScript = "\"${PODS_ROOT}/Target Support Files/Pods-sample-integration-iosTests/Pods-sample-integration-iosTests-frameworks.sh\"\n";
			showEnvVarsInLog = 0;
		};
/* End PBXShellScriptBuildPhase section */

/* Begin PBXSourcesBuildPhase section */
		84E0F5742524F94C0020D642 /* Sources */ = {
			isa = PBXSourcesBuildPhase;
			buildActionMask = 2147483647;
			files = (
				84E0F5E325276B3D0020D642 /* NativeIconographyViewController.swift in Sources */,
				8417188D252B5E90002F57FF /* IconCollectionViewCell.swift in Sources */,
				84E0F5802524F94C0020D642 /* IconsPlataformChoiceViewController.swift in Sources */,
				84E0F57C2524F94C0020D642 /* AppDelegate.swift in Sources */,
				84DE2C02252CEF250047FC33 /* RNv1.swift in Sources */,
				84E0F57E2524F94C0020D642 /* SceneDelegate.swift in Sources */,
			);
			runOnlyForDeploymentPostprocessing = 0;
		};
		84E0F58A2524F9500020D642 /* Sources */ = {
			isa = PBXSourcesBuildPhase;
			buildActionMask = 2147483647;
			files = (
				84E0F5932524F9500020D642 /* sample_integration_iosTests.swift in Sources */,
			);
			runOnlyForDeploymentPostprocessing = 0;
		};
		84E0F5952524F9500020D642 /* Sources */ = {
			isa = PBXSourcesBuildPhase;
			buildActionMask = 2147483647;
			files = (
				84E0F59E2524F9500020D642 /* sample_integration_iosUITests.swift in Sources */,
			);
			runOnlyForDeploymentPostprocessing = 0;
		};
/* End PBXSourcesBuildPhase section */

/* Begin PBXTargetDependency section */
		84E0F5902524F9500020D642 /* PBXTargetDependency */ = {
			isa = PBXTargetDependency;
			target = 84E0F5772524F94C0020D642 /* sample-integration-ios */;
			targetProxy = 84E0F58F2524F9500020D642 /* PBXContainerItemProxy */;
		};
		84E0F59B2524F9500020D642 /* PBXTargetDependency */ = {
			isa = PBXTargetDependency;
			target = 84E0F5772524F94C0020D642 /* sample-integration-ios */;
			targetProxy = 84E0F59A2524F9500020D642 /* PBXContainerItemProxy */;
		};
/* End PBXTargetDependency section */

/* Begin PBXVariantGroup section */
		84E0F5862524F9500020D642 /* LaunchScreen.storyboard */ = {
			isa = PBXVariantGroup;
			children = (
				84E0F5872524F9500020D642 /* Base */,
			);
			name = LaunchScreen.storyboard;
			sourceTree = "<group>";
		};
/* End PBXVariantGroup section */

/* Begin XCBuildConfiguration section */
		84E0F5A02524F9500020D642 /* Debug */ = {
			isa = XCBuildConfiguration;
			buildSettings = {
				ALWAYS_SEARCH_USER_PATHS = NO;
				CLANG_ANALYZER_NONNULL = YES;
				CLANG_ANALYZER_NUMBER_OBJECT_CONVERSION = YES_AGGRESSIVE;
				CLANG_CXX_LANGUAGE_STANDARD = "gnu++14";
				CLANG_CXX_LIBRARY = "libc++";
				CLANG_ENABLE_MODULES = YES;
				CLANG_ENABLE_OBJC_ARC = YES;
				CLANG_ENABLE_OBJC_WEAK = YES;
				CLANG_WARN_BLOCK_CAPTURE_AUTORELEASING = YES;
				CLANG_WARN_BOOL_CONVERSION = YES;
				CLANG_WARN_COMMA = YES;
				CLANG_WARN_CONSTANT_CONVERSION = YES;
				CLANG_WARN_DEPRECATED_OBJC_IMPLEMENTATIONS = YES;
				CLANG_WARN_DIRECT_OBJC_ISA_USAGE = YES_ERROR;
				CLANG_WARN_DOCUMENTATION_COMMENTS = YES;
				CLANG_WARN_EMPTY_BODY = YES;
				CLANG_WARN_ENUM_CONVERSION = YES;
				CLANG_WARN_INFINITE_RECURSION = YES;
				CLANG_WARN_INT_CONVERSION = YES;
				CLANG_WARN_NON_LITERAL_NULL_CONVERSION = YES;
				CLANG_WARN_OBJC_IMPLICIT_RETAIN_SELF = YES;
				CLANG_WARN_OBJC_LITERAL_CONVERSION = YES;
				CLANG_WARN_OBJC_ROOT_CLASS = YES_ERROR;
				CLANG_WARN_QUOTED_INCLUDE_IN_FRAMEWORK_HEADER = YES;
				CLANG_WARN_RANGE_LOOP_ANALYSIS = YES;
				CLANG_WARN_STRICT_PROTOTYPES = YES;
				CLANG_WARN_SUSPICIOUS_MOVE = YES;
				CLANG_WARN_UNGUARDED_AVAILABILITY = YES_AGGRESSIVE;
				CLANG_WARN_UNREACHABLE_CODE = YES;
				CLANG_WARN__DUPLICATE_METHOD_MATCH = YES;
				COPY_PHASE_STRIP = NO;
				DEBUG_INFORMATION_FORMAT = dwarf;
				ENABLE_STRICT_OBJC_MSGSEND = YES;
				ENABLE_TESTABILITY = YES;
				GCC_C_LANGUAGE_STANDARD = gnu11;
				GCC_DYNAMIC_NO_PIC = NO;
				GCC_NO_COMMON_BLOCKS = YES;
				GCC_OPTIMIZATION_LEVEL = 0;
				GCC_PREPROCESSOR_DEFINITIONS = (
					"DEBUG=1",
					"$(inherited)",
				);
				GCC_WARN_64_TO_32_BIT_CONVERSION = YES;
				GCC_WARN_ABOUT_RETURN_TYPE = YES_ERROR;
				GCC_WARN_UNDECLARED_SELECTOR = YES;
				GCC_WARN_UNINITIALIZED_AUTOS = YES_AGGRESSIVE;
				GCC_WARN_UNUSED_FUNCTION = YES;
				GCC_WARN_UNUSED_VARIABLE = YES;
				IPHONEOS_DEPLOYMENT_TARGET = 14.0;
				MTL_ENABLE_DEBUG_INFO = INCLUDE_SOURCE;
				MTL_FAST_MATH = YES;
				ONLY_ACTIVE_ARCH = YES;
				SDKROOT = iphoneos;
				SWIFT_ACTIVE_COMPILATION_CONDITIONS = DEBUG;
				SWIFT_OPTIMIZATION_LEVEL = "-Onone";
			};
			name = Debug;
		};
		84E0F5A12524F9500020D642 /* Release */ = {
			isa = XCBuildConfiguration;
			buildSettings = {
				ALWAYS_SEARCH_USER_PATHS = NO;
				CLANG_ANALYZER_NONNULL = YES;
				CLANG_ANALYZER_NUMBER_OBJECT_CONVERSION = YES_AGGRESSIVE;
				CLANG_CXX_LANGUAGE_STANDARD = "gnu++14";
				CLANG_CXX_LIBRARY = "libc++";
				CLANG_ENABLE_MODULES = YES;
				CLANG_ENABLE_OBJC_ARC = YES;
				CLANG_ENABLE_OBJC_WEAK = YES;
				CLANG_WARN_BLOCK_CAPTURE_AUTORELEASING = YES;
				CLANG_WARN_BOOL_CONVERSION = YES;
				CLANG_WARN_COMMA = YES;
				CLANG_WARN_CONSTANT_CONVERSION = YES;
				CLANG_WARN_DEPRECATED_OBJC_IMPLEMENTATIONS = YES;
				CLANG_WARN_DIRECT_OBJC_ISA_USAGE = YES_ERROR;
				CLANG_WARN_DOCUMENTATION_COMMENTS = YES;
				CLANG_WARN_EMPTY_BODY = YES;
				CLANG_WARN_ENUM_CONVERSION = YES;
				CLANG_WARN_INFINITE_RECURSION = YES;
				CLANG_WARN_INT_CONVERSION = YES;
				CLANG_WARN_NON_LITERAL_NULL_CONVERSION = YES;
				CLANG_WARN_OBJC_IMPLICIT_RETAIN_SELF = YES;
				CLANG_WARN_OBJC_LITERAL_CONVERSION = YES;
				CLANG_WARN_OBJC_ROOT_CLASS = YES_ERROR;
				CLANG_WARN_QUOTED_INCLUDE_IN_FRAMEWORK_HEADER = YES;
				CLANG_WARN_RANGE_LOOP_ANALYSIS = YES;
				CLANG_WARN_STRICT_PROTOTYPES = YES;
				CLANG_WARN_SUSPICIOUS_MOVE = YES;
				CLANG_WARN_UNGUARDED_AVAILABILITY = YES_AGGRESSIVE;
				CLANG_WARN_UNREACHABLE_CODE = YES;
				CLANG_WARN__DUPLICATE_METHOD_MATCH = YES;
				COPY_PHASE_STRIP = NO;
				DEBUG_INFORMATION_FORMAT = "dwarf-with-dsym";
				ENABLE_NS_ASSERTIONS = NO;
				ENABLE_STRICT_OBJC_MSGSEND = YES;
				GCC_C_LANGUAGE_STANDARD = gnu11;
				GCC_NO_COMMON_BLOCKS = YES;
				GCC_WARN_64_TO_32_BIT_CONVERSION = YES;
				GCC_WARN_ABOUT_RETURN_TYPE = YES_ERROR;
				GCC_WARN_UNDECLARED_SELECTOR = YES;
				GCC_WARN_UNINITIALIZED_AUTOS = YES_AGGRESSIVE;
				GCC_WARN_UNUSED_FUNCTION = YES;
				GCC_WARN_UNUSED_VARIABLE = YES;
				IPHONEOS_DEPLOYMENT_TARGET = 14.0;
				MTL_ENABLE_DEBUG_INFO = NO;
				MTL_FAST_MATH = YES;
				SDKROOT = iphoneos;
				SWIFT_COMPILATION_MODE = wholemodule;
				SWIFT_OPTIMIZATION_LEVEL = "-O";
				VALIDATE_PRODUCT = YES;
			};
			name = Release;
		};
		84E0F5A32524F9500020D642 /* Debug */ = {
			isa = XCBuildConfiguration;
			baseConfigurationReference = EF4160F997EE876A7F7B189D /* Pods-sample-integration-ios.debug.xcconfig */;
			buildSettings = {
				ASSETCATALOG_COMPILER_APPICON_NAME = AppIcon;
				ASSETCATALOG_COMPILER_GLOBAL_ACCENT_COLOR_NAME = AccentColor;
				CODE_SIGN_STYLE = Automatic;
				INFOPLIST_FILE = "sample-integration-ios/Info.plist";
				LD_RUNPATH_SEARCH_PATHS = (
					"$(inherited)",
					"@executable_path/Frameworks",
				);
				PRODUCT_BUNDLE_IDENTIFIER = "na.sample-integration-ios";
				PRODUCT_NAME = "$(TARGET_NAME)";
				SWIFT_VERSION = 5.0;
				TARGETED_DEVICE_FAMILY = "1,2";
			};
			name = Debug;
		};
		84E0F5A42524F9500020D642 /* Release */ = {
			isa = XCBuildConfiguration;
			baseConfigurationReference = C605B275EF24E4E781CDB099 /* Pods-sample-integration-ios.release.xcconfig */;
			buildSettings = {
				ASSETCATALOG_COMPILER_APPICON_NAME = AppIcon;
				ASSETCATALOG_COMPILER_GLOBAL_ACCENT_COLOR_NAME = AccentColor;
				CODE_SIGN_STYLE = Automatic;
				INFOPLIST_FILE = "sample-integration-ios/Info.plist";
				LD_RUNPATH_SEARCH_PATHS = (
					"$(inherited)",
					"@executable_path/Frameworks",
				);
				PRODUCT_BUNDLE_IDENTIFIER = "na.sample-integration-ios";
				PRODUCT_NAME = "$(TARGET_NAME)";
				SWIFT_VERSION = 5.0;
				TARGETED_DEVICE_FAMILY = "1,2";
			};
			name = Release;
		};
		84E0F5A62524F9500020D642 /* Debug */ = {
			isa = XCBuildConfiguration;
			baseConfigurationReference = AB75196B2A706F5F04F9EB8E /* Pods-sample-integration-iosTests.debug.xcconfig */;
			buildSettings = {
				ALWAYS_EMBED_SWIFT_STANDARD_LIBRARIES = YES;
				BUNDLE_LOADER = "$(TEST_HOST)";
				CODE_SIGN_STYLE = Automatic;
				INFOPLIST_FILE = "sample-integration-iosTests/Info.plist";
				IPHONEOS_DEPLOYMENT_TARGET = 14.0;
				LD_RUNPATH_SEARCH_PATHS = (
					"$(inherited)",
					"@executable_path/Frameworks",
					"@loader_path/Frameworks",
				);
				PRODUCT_BUNDLE_IDENTIFIER = "na.sample-integration-iosTests";
				PRODUCT_NAME = "$(TARGET_NAME)";
				SWIFT_VERSION = 5.0;
				TARGETED_DEVICE_FAMILY = "1,2";
				TEST_HOST = "$(BUILT_PRODUCTS_DIR)/sample-integration-ios.app/sample-integration-ios";
			};
			name = Debug;
		};
		84E0F5A72524F9500020D642 /* Release */ = {
			isa = XCBuildConfiguration;
			baseConfigurationReference = 9DA4FF4128808E20D8DBF76F /* Pods-sample-integration-iosTests.release.xcconfig */;
			buildSettings = {
				ALWAYS_EMBED_SWIFT_STANDARD_LIBRARIES = YES;
				BUNDLE_LOADER = "$(TEST_HOST)";
				CODE_SIGN_STYLE = Automatic;
				INFOPLIST_FILE = "sample-integration-iosTests/Info.plist";
				IPHONEOS_DEPLOYMENT_TARGET = 14.0;
				LD_RUNPATH_SEARCH_PATHS = (
					"$(inherited)",
					"@executable_path/Frameworks",
					"@loader_path/Frameworks",
				);
				PRODUCT_BUNDLE_IDENTIFIER = "na.sample-integration-iosTests";
				PRODUCT_NAME = "$(TARGET_NAME)";
				SWIFT_VERSION = 5.0;
				TARGETED_DEVICE_FAMILY = "1,2";
				TEST_HOST = "$(BUILT_PRODUCTS_DIR)/sample-integration-ios.app/sample-integration-ios";
			};
			name = Release;
		};
		84E0F5A92524F9500020D642 /* Debug */ = {
			isa = XCBuildConfiguration;
			baseConfigurationReference = 29C50FE6AC1BAE5386C9E692 /* Pods-sample-integration-ios-sample-integration-iosUITests.debug.xcconfig */;
			buildSettings = {
				ALWAYS_EMBED_SWIFT_STANDARD_LIBRARIES = YES;
				CODE_SIGN_STYLE = Automatic;
				INFOPLIST_FILE = "sample-integration-iosUITests/Info.plist";
				LD_RUNPATH_SEARCH_PATHS = (
					"$(inherited)",
					"@executable_path/Frameworks",
					"@loader_path/Frameworks",
				);
				PRODUCT_BUNDLE_IDENTIFIER = "na.sample-integration-iosUITests";
				PRODUCT_NAME = "$(TARGET_NAME)";
				SWIFT_VERSION = 5.0;
				TARGETED_DEVICE_FAMILY = "1,2";
				TEST_TARGET_NAME = "sample-integration-ios";
			};
			name = Debug;
		};
		84E0F5AA2524F9500020D642 /* Release */ = {
			isa = XCBuildConfiguration;
			baseConfigurationReference = C37D346BA55576D751256BC2 /* Pods-sample-integration-ios-sample-integration-iosUITests.release.xcconfig */;
			buildSettings = {
				ALWAYS_EMBED_SWIFT_STANDARD_LIBRARIES = YES;
				CODE_SIGN_STYLE = Automatic;
				INFOPLIST_FILE = "sample-integration-iosUITests/Info.plist";
				LD_RUNPATH_SEARCH_PATHS = (
					"$(inherited)",
					"@executable_path/Frameworks",
					"@loader_path/Frameworks",
				);
				PRODUCT_BUNDLE_IDENTIFIER = "na.sample-integration-iosUITests";
				PRODUCT_NAME = "$(TARGET_NAME)";
				SWIFT_VERSION = 5.0;
				TARGETED_DEVICE_FAMILY = "1,2";
				TEST_TARGET_NAME = "sample-integration-ios";
			};
			name = Release;
		};
/* End XCBuildConfiguration section */

/* Begin XCConfigurationList section */
		84E0F5732524F94C0020D642 /* Build configuration list for PBXProject "sample-integration-ios" */ = {
			isa = XCConfigurationList;
			buildConfigurations = (
				84E0F5A02524F9500020D642 /* Debug */,
				84E0F5A12524F9500020D642 /* Release */,
			);
			defaultConfigurationIsVisible = 0;
			defaultConfigurationName = Release;
		};
		84E0F5A22524F9500020D642 /* Build configuration list for PBXNativeTarget "sample-integration-ios" */ = {
			isa = XCConfigurationList;
			buildConfigurations = (
				84E0F5A32524F9500020D642 /* Debug */,
				84E0F5A42524F9500020D642 /* Release */,
			);
			defaultConfigurationIsVisible = 0;
			defaultConfigurationName = Release;
		};
		84E0F5A52524F9500020D642 /* Build configuration list for PBXNativeTarget "sample-integration-iosTests" */ = {
			isa = XCConfigurationList;
			buildConfigurations = (
				84E0F5A62524F9500020D642 /* Debug */,
				84E0F5A72524F9500020D642 /* Release */,
			);
			defaultConfigurationIsVisible = 0;
			defaultConfigurationName = Release;
		};
		84E0F5A82524F9500020D642 /* Build configuration list for PBXNativeTarget "sample-integration-iosUITests" */ = {
			isa = XCConfigurationList;
			buildConfigurations = (
				84E0F5A92524F9500020D642 /* Debug */,
				84E0F5AA2524F9500020D642 /* Release */,
			);
			defaultConfigurationIsVisible = 0;
			defaultConfigurationName = Release;
		};
/* End XCConfigurationList section */
	};
	rootObject = 84E0F5702524F94C0020D642 /* Project object */;
}
